
Microsoft Visual Studio Solution File, Format Version 12.00
# Visual Studio Version 17
VisualStudioVersion = 17.9.34714.143
MinimumVisualStudioVersion = 10.0.40219.1
Project("{FAE04EC0-301F-11D3-BF4B-00C04F79EFBC}") = "PoliceProjectMVC", "PoliceProjectMVC\PoliceProjectMVC.csproj", "{278A49CA-E7A7-4E64-9210-51C99268591A}"
EndProject
Global
	GlobalSection(SolutionConfigurationPlatforms) = preSolution
		Debug|Any CPU = Debug|Any CPU
		Release|Any CPU = Release|Any CPU
	EndGlobalSection
	GlobalSection(ProjectConfigurationPlatforms) = postSolution
		{278A49CA-E7A7-4E64-9210-51C99268591A}.Debug|Any CPU.ActiveCfg = Debug|Any CPU
		{278A49CA-E7A7-4E64-9210-51C99268591A}.Debug|Any CPU.Build.0 = Debug|Any CPU
		{278A49CA-E7A7-4E64-9210-51C99268591A}.Release|Any CPU.ActiveCfg = Release|Any CPU
		{278A49CA-E7A7-4E64-9210-51C99268591A}.Release|Any CPU.Build.0 = Release|Any CPU
	EndGlobalSection
	GlobalSection(SolutionProperties) = preSolution
		HideSolutionNode = FALSE
	EndGlobalSection
	GlobalSection(ExtensibilityGlobals) = postSolution
		SolutionGuid = {CFB2ADAA-EC7E-4A2F-B99B-8489A7BB4FCC}
	EndGlobalSection
EndGlobal
